
Microsoft Visual Studio Solution File, Format Version 12.00
# Visual Studio 15
VisualStudioVersion = 15.0.26124.0
MinimumVisualStudioVersion = 15.0.26124.0
Project("{2150E333-8FDC-42A3-9474-1A3956D46DE8}") = "src", "src", "{2BE1F7C4-6A63-408A-9463-E00484D620B1}"
EndProject
Project("{FAE04EC0-301F-11D3-BF4B-00C04F79EFBC}") = "Systore.Dtos", "src\Systore.Dtos\Systore.Dtos.csproj", "{DEE35BAF-3F89-44BB-9669-704B43A3DA9D}"
EndProject
Project("{FAE04EC0-301F-11D3-BF4B-00C04F79EFBC}") = "Systore.Api", "src\Systore.Api\Systore.Api.csproj", "{E8864BDE-452A-4A51-B633-0E68839DE6C4}"
EndProject
Project("{FAE04EC0-301F-11D3-BF4B-00C04F79EFBC}") = "Systore.Data", "src\Systore.Data\Systore.Data.csproj", "{94D9326E-5C66-4DDE-B2C9-BF13462CB286}"
EndProject
Project("{FAE04EC0-301F-11D3-BF4B-00C04F79EFBC}") = "Systore.Domain", "src\Systore.Domain\Systore.Domain.csproj", "{F49A9013-E813-42B3-9597-712B062DC5D4}"
EndProject
Project("{FAE04EC0-301F-11D3-BF4B-00C04F79EFBC}") = "Systore.Infra", "src\Systore.Infra\Systore.Infra.csproj", "{8483DFBD-A799-4363-AD2C-77210B899740}"
EndProject
Project("{FAE04EC0-301F-11D3-BF4B-00C04F79EFBC}") = "Systore.Report", "src\Systore.Report\Systore.Report.csproj", "{78A21F95-8E08-4F9F-B216-2FA5BEDF7F3C}"
EndProject
Project("{FAE04EC0-301F-11D3-BF4B-00C04F79EFBC}") = "Systore.Services", "src\Systore.Services\Systore.Services.csproj", "{BEEDB628-1CCD-4769-8652-B8CCE955E000}"
EndProject
Project("{2150E333-8FDC-42A3-9474-1A3956D46DE8}") = "tests", "tests", "{F9568DC8-D095-418E-AEE9-C686BB486804}"
EndProject
Project("{FAE04EC0-301F-11D3-BF4B-00C04F79EFBC}") = "Systore.Tests.Common", "tests\Systore.Tests.Common\Systore.Tests.Common.csproj", "{60F347CD-37A2-4DF1-81A5-62049298CA62}"
EndProject
Project("{FAE04EC0-301F-11D3-BF4B-00C04F79EFBC}") = "Systore.Tests.Unit", "tests\Systore.Tests.Unit\Systore.Tests.Unit.csproj", "{13E9A1C9-AE96-4410-AE12-627AE42C18FA}"
EndProject
Project("{FAE04EC0-301F-11D3-BF4B-00C04F79EFBC}") = "Systore.Tests.Integration", "tests\Systore.Tests.Integration\Systore.Tests.Integration.csproj", "{28D54545-321D-49C1-9BE1-779BBBD8E8C8}"
EndProject
Project("{FAE04EC0-301F-11D3-BF4B-00C04F79EFBC}") = "FastReport.OpenSource.Export.PdfSimple", "src\FastReport.OpenSource.Export.PdfSimple\FastReport.OpenSource.Export.PdfSimple.csproj", "{916B24BC-5877-40E3-BA33-A4D76818AE82}"
EndProject
Global
	GlobalSection(SolutionConfigurationPlatforms) = preSolution
		Debug|Any CPU = Debug|Any CPU
		Debug|x64 = Debug|x64
		Debug|x86 = Debug|x86
		Release|Any CPU = Release|Any CPU
		Release|x64 = Release|x64
		Release|x86 = Release|x86
	EndGlobalSection
	GlobalSection(SolutionProperties) = preSolution
		HideSolutionNode = FALSE
	EndGlobalSection
	GlobalSection(ProjectConfigurationPlatforms) = postSolution
		{DEE35BAF-3F89-44BB-9669-704B43A3DA9D}.Debug|Any CPU.ActiveCfg = Debug|Any CPU
		{DEE35BAF-3F89-44BB-9669-704B43A3DA9D}.Debug|Any CPU.Build.0 = Debug|Any CPU
		{DEE35BAF-3F89-44BB-9669-704B43A3DA9D}.Debug|x64.ActiveCfg = Debug|Any CPU
		{DEE35BAF-3F89-44BB-9669-704B43A3DA9D}.Debug|x64.Build.0 = Debug|Any CPU
		{DEE35BAF-3F89-44BB-9669-704B43A3DA9D}.Debug|x86.ActiveCfg = Debug|Any CPU
		{DEE35BAF-3F89-44BB-9669-704B43A3DA9D}.Debug|x86.Build.0 = Debug|Any CPU
		{DEE35BAF-3F89-44BB-9669-704B43A3DA9D}.Release|Any CPU.ActiveCfg = Release|Any CPU
		{DEE35BAF-3F89-44BB-9669-704B43A3DA9D}.Release|Any CPU.Build.0 = Release|Any CPU
		{DEE35BAF-3F89-44BB-9669-704B43A3DA9D}.Release|x64.ActiveCfg = Release|Any CPU
		{DEE35BAF-3F89-44BB-9669-704B43A3DA9D}.Release|x64.Build.0 = Release|Any CPU
		{DEE35BAF-3F89-44BB-9669-704B43A3DA9D}.Release|x86.ActiveCfg = Release|Any CPU
		{DEE35BAF-3F89-44BB-9669-704B43A3DA9D}.Release|x86.Build.0 = Release|Any CPU
		{E8864BDE-452A-4A51-B633-0E68839DE6C4}.Debug|Any CPU.ActiveCfg = Debug|Any CPU
		{E8864BDE-452A-4A51-B633-0E68839DE6C4}.Debug|Any CPU.Build.0 = Debug|Any CPU
		{E8864BDE-452A-4A51-B633-0E68839DE6C4}.Debug|x64.ActiveCfg = Debug|Any CPU
		{E8864BDE-452A-4A51-B633-0E68839DE6C4}.Debug|x64.Build.0 = Debug|Any CPU
		{E8864BDE-452A-4A51-B633-0E68839DE6C4}.Debug|x86.ActiveCfg = Debug|Any CPU
		{E8864BDE-452A-4A51-B633-0E68839DE6C4}.Debug|x86.Build.0 = Debug|Any CPU
		{E8864BDE-452A-4A51-B633-0E68839DE6C4}.Release|Any CPU.ActiveCfg = Release|Any CPU
		{E8864BDE-452A-4A51-B633-0E68839DE6C4}.Release|Any CPU.Build.0 = Release|Any CPU
		{E8864BDE-452A-4A51-B633-0E68839DE6C4}.Release|x64.ActiveCfg = Release|Any CPU
		{E8864BDE-452A-4A51-B633-0E68839DE6C4}.Release|x64.Build.0 = Release|Any CPU
		{E8864BDE-452A-4A51-B633-0E68839DE6C4}.Release|x86.ActiveCfg = Release|Any CPU
		{E8864BDE-452A-4A51-B633-0E68839DE6C4}.Release|x86.Build.0 = Release|Any CPU
		{94D9326E-5C66-4DDE-B2C9-BF13462CB286}.Debug|Any CPU.ActiveCfg = Debug|Any CPU
		{94D9326E-5C66-4DDE-B2C9-BF13462CB286}.Debug|Any CPU.Build.0 = Debug|Any CPU
		{94D9326E-5C66-4DDE-B2C9-BF13462CB286}.Debug|x64.ActiveCfg = Debug|Any CPU
		{94D9326E-5C66-4DDE-B2C9-BF13462CB286}.Debug|x64.Build.0 = Debug|Any CPU
		{94D9326E-5C66-4DDE-B2C9-BF13462CB286}.Debug|x86.ActiveCfg = Debug|Any CPU
		{94D9326E-5C66-4DDE-B2C9-BF13462CB286}.Debug|x86.Build.0 = Debug|Any CPU
		{94D9326E-5C66-4DDE-B2C9-BF13462CB286}.Release|Any CPU.ActiveCfg = Release|Any CPU
		{94D9326E-5C66-4DDE-B2C9-BF13462CB286}.Release|Any CPU.Build.0 = Release|Any CPU
		{94D9326E-5C66-4DDE-B2C9-BF13462CB286}.Release|x64.ActiveCfg = Release|Any CPU
		{94D9326E-5C66-4DDE-B2C9-BF13462CB286}.Release|x64.Build.0 = Release|Any CPU
		{94D9326E-5C66-4DDE-B2C9-BF13462CB286}.Release|x86.ActiveCfg = Release|Any CPU
		{94D9326E-5C66-4DDE-B2C9-BF13462CB286}.Release|x86.Build.0 = Release|Any CPU
		{F49A9013-E813-42B3-9597-712B062DC5D4}.Debug|Any CPU.ActiveCfg = Debug|Any CPU
		{F49A9013-E813-42B3-9597-712B062DC5D4}.Debug|Any CPU.Build.0 = Debug|Any CPU
		{F49A9013-E813-42B3-9597-712B062DC5D4}.Debug|x64.ActiveCfg = Debug|Any CPU
		{F49A9013-E813-42B3-9597-712B062DC5D4}.Debug|x64.Build.0 = Debug|Any CPU
		{F49A9013-E813-42B3-9597-712B062DC5D4}.Debug|x86.ActiveCfg = Debug|Any CPU
		{F49A9013-E813-42B3-9597-712B062DC5D4}.Debug|x86.Build.0 = Debug|Any CPU
		{F49A9013-E813-42B3-9597-712B062DC5D4}.Release|Any CPU.ActiveCfg = Release|Any CPU
		{F49A9013-E813-42B3-9597-712B062DC5D4}.Release|Any CPU.Build.0 = Release|Any CPU
		{F49A9013-E813-42B3-9597-712B062DC5D4}.Release|x64.ActiveCfg = Release|Any CPU
		{F49A9013-E813-42B3-9597-712B062DC5D4}.Release|x64.Build.0 = Release|Any CPU
		{F49A9013-E813-42B3-9597-712B062DC5D4}.Release|x86.ActiveCfg = Release|Any CPU
		{F49A9013-E813-42B3-9597-712B062DC5D4}.Release|x86.Build.0 = Release|Any CPU
		{8483DFBD-A799-4363-AD2C-77210B899740}.Debug|Any CPU.ActiveCfg = Debug|Any CPU
		{8483DFBD-A799-4363-AD2C-77210B899740}.Debug|Any CPU.Build.0 = Debug|Any CPU
		{8483DFBD-A799-4363-AD2C-77210B899740}.Debug|x64.ActiveCfg = Debug|Any CPU
		{8483DFBD-A799-4363-AD2C-77210B899740}.Debug|x64.Build.0 = Debug|Any CPU
		{8483DFBD-A799-4363-AD2C-77210B899740}.Debug|x86.ActiveCfg = Debug|Any CPU
		{8483DFBD-A799-4363-AD2C-77210B899740}.Debug|x86.Build.0 = Debug|Any CPU
		{8483DFBD-A799-4363-AD2C-77210B899740}.Release|Any CPU.ActiveCfg = Release|Any CPU
		{8483DFBD-A799-4363-AD2C-77210B899740}.Release|Any CPU.Build.0 = Release|Any CPU
		{8483DFBD-A799-4363-AD2C-77210B899740}.Release|x64.ActiveCfg = Release|Any CPU
		{8483DFBD-A799-4363-AD2C-77210B899740}.Release|x64.Build.0 = Release|Any CPU
		{8483DFBD-A799-4363-AD2C-77210B899740}.Release|x86.ActiveCfg = Release|Any CPU
		{8483DFBD-A799-4363-AD2C-77210B899740}.Release|x86.Build.0 = Release|Any CPU
		{78A21F95-8E08-4F9F-B216-2FA5BEDF7F3C}.Debug|Any CPU.ActiveCfg = Debug|Any CPU
		{78A21F95-8E08-4F9F-B216-2FA5BEDF7F3C}.Debug|Any CPU.Build.0 = Debug|Any CPU
		{78A21F95-8E08-4F9F-B216-2FA5BEDF7F3C}.Debug|x64.ActiveCfg = Debug|Any CPU
		{78A21F95-8E08-4F9F-B216-2FA5BEDF7F3C}.Debug|x64.Build.0 = Debug|Any CPU
		{78A21F95-8E08-4F9F-B216-2FA5BEDF7F3C}.Debug|x86.ActiveCfg = Debug|Any CPU
		{78A21F95-8E08-4F9F-B216-2FA5BEDF7F3C}.Debug|x86.Build.0 = Debug|Any CPU
		{78A21F95-8E08-4F9F-B216-2FA5BEDF7F3C}.Release|Any CPU.ActiveCfg = Release|Any CPU
		{78A21F95-8E08-4F9F-B216-2FA5BEDF7F3C}.Release|Any CPU.Build.0 = Release|Any CPU
		{78A21F95-8E08-4F9F-B216-2FA5BEDF7F3C}.Release|x64.ActiveCfg = Release|Any CPU
		{78A21F95-8E08-4F9F-B216-2FA5BEDF7F3C}.Release|x64.Build.0 = Release|Any CPU
		{78A21F95-8E08-4F9F-B216-2FA5BEDF7F3C}.Release|x86.ActiveCfg = Release|Any CPU
		{78A21F95-8E08-4F9F-B216-2FA5BEDF7F3C}.Release|x86.Build.0 = Release|Any CPU
		{BEEDB628-1CCD-4769-8652-B8CCE955E000}.Debug|Any CPU.ActiveCfg = Debug|Any CPU
		{BEEDB628-1CCD-4769-8652-B8CCE955E000}.Debug|Any CPU.Build.0 = Debug|Any CPU
		{BEEDB628-1CCD-4769-8652-B8CCE955E000}.Debug|x64.ActiveCfg = Debug|Any CPU
		{BEEDB628-1CCD-4769-8652-B8CCE955E000}.Debug|x64.Build.0 = Debug|Any CPU
		{BEEDB628-1CCD-4769-8652-B8CCE955E000}.Debug|x86.ActiveCfg = Debug|Any CPU
		{BEEDB628-1CCD-4769-8652-B8CCE955E000}.Debug|x86.Build.0 = Debug|Any CPU
		{BEEDB628-1CCD-4769-8652-B8CCE955E000}.Release|Any CPU.ActiveCfg = Release|Any CPU
		{BEEDB628-1CCD-4769-8652-B8CCE955E000}.Release|Any CPU.Build.0 = Release|Any CPU
		{BEEDB628-1CCD-4769-8652-B8CCE955E000}.Release|x64.ActiveCfg = Release|Any CPU
		{BEEDB628-1CCD-4769-8652-B8CCE955E000}.Release|x64.Build.0 = Release|Any CPU
		{BEEDB628-1CCD-4769-8652-B8CCE955E000}.Release|x86.ActiveCfg = Release|Any CPU
		{BEEDB628-1CCD-4769-8652-B8CCE955E000}.Release|x86.Build.0 = Release|Any CPU
		{60F347CD-37A2-4DF1-81A5-62049298CA62}.Debug|Any CPU.ActiveCfg = Debug|Any CPU
		{60F347CD-37A2-4DF1-81A5-62049298CA62}.Debug|Any CPU.Build.0 = Debug|Any CPU
		{60F347CD-37A2-4DF1-81A5-62049298CA62}.Debug|x64.ActiveCfg = Debug|Any CPU
		{60F347CD-37A2-4DF1-81A5-62049298CA62}.Debug|x64.Build.0 = Debug|Any CPU
		{60F347CD-37A2-4DF1-81A5-62049298CA62}.Debug|x86.ActiveCfg = Debug|Any CPU
		{60F347CD-37A2-4DF1-81A5-62049298CA62}.Debug|x86.Build.0 = Debug|Any CPU
		{60F347CD-37A2-4DF1-81A5-62049298CA62}.Release|Any CPU.ActiveCfg = Release|Any CPU
		{60F347CD-37A2-4DF1-81A5-62049298CA62}.Release|Any CPU.Build.0 = Release|Any CPU
		{60F347CD-37A2-4DF1-81A5-62049298CA62}.Release|x64.ActiveCfg = Release|Any CPU
		{60F347CD-37A2-4DF1-81A5-62049298CA62}.Release|x64.Build.0 = Release|Any CPU
		{60F347CD-37A2-4DF1-81A5-62049298CA62}.Release|x86.ActiveCfg = Release|Any CPU
		{60F347CD-37A2-4DF1-81A5-62049298CA62}.Release|x86.Build.0 = Release|Any CPU
		{13E9A1C9-AE96-4410-AE12-627AE42C18FA}.Debug|Any CPU.ActiveCfg = Debug|Any CPU
		{13E9A1C9-AE96-4410-AE12-627AE42C18FA}.Debug|Any CPU.Build.0 = Debug|Any CPU
		{13E9A1C9-AE96-4410-AE12-627AE42C18FA}.Debug|x64.ActiveCfg = Debug|Any CPU
		{13E9A1C9-AE96-4410-AE12-627AE42C18FA}.Debug|x64.Build.0 = Debug|Any CPU
		{13E9A1C9-AE96-4410-AE12-627AE42C18FA}.Debug|x86.ActiveCfg = Debug|Any CPU
		{13E9A1C9-AE96-4410-AE12-627AE42C18FA}.Debug|x86.Build.0 = Debug|Any CPU
		{13E9A1C9-AE96-4410-AE12-627AE42C18FA}.Release|Any CPU.ActiveCfg = Release|Any CPU
		{13E9A1C9-AE96-4410-AE12-627AE42C18FA}.Release|Any CPU.Build.0 = Release|Any CPU
		{13E9A1C9-AE96-4410-AE12-627AE42C18FA}.Release|x64.ActiveCfg = Release|Any CPU
		{13E9A1C9-AE96-4410-AE12-627AE42C18FA}.Release|x64.Build.0 = Release|Any CPU
		{13E9A1C9-AE96-4410-AE12-627AE42C18FA}.Release|x86.ActiveCfg = Release|Any CPU
		{13E9A1C9-AE96-4410-AE12-627AE42C18FA}.Release|x86.Build.0 = Release|Any CPU
		{28D54545-321D-49C1-9BE1-779BBBD8E8C8}.Debug|Any CPU.ActiveCfg = Debug|Any CPU
		{28D54545-321D-49C1-9BE1-779BBBD8E8C8}.Debug|Any CPU.Build.0 = Debug|Any CPU
		{28D54545-321D-49C1-9BE1-779BBBD8E8C8}.Debug|x64.ActiveCfg = Debug|Any CPU
		{28D54545-321D-49C1-9BE1-779BBBD8E8C8}.Debug|x64.Build.0 = Debug|Any CPU
		{28D54545-321D-49C1-9BE1-779BBBD8E8C8}.Debug|x86.ActiveCfg = Debug|Any CPU
		{28D54545-321D-49C1-9BE1-779BBBD8E8C8}.Debug|x86.Build.0 = Debug|Any CPU
		{28D54545-321D-49C1-9BE1-779BBBD8E8C8}.Release|Any CPU.ActiveCfg = Release|Any CPU
		{28D54545-321D-49C1-9BE1-779BBBD8E8C8}.Release|Any CPU.Build.0 = Release|Any CPU
		{28D54545-321D-49C1-9BE1-779BBBD8E8C8}.Release|x64.ActiveCfg = Release|Any CPU
		{28D54545-321D-49C1-9BE1-779BBBD8E8C8}.Release|x64.Build.0 = Release|Any CPU
		{28D54545-321D-49C1-9BE1-779BBBD8E8C8}.Release|x86.ActiveCfg = Release|Any CPU
		{28D54545-321D-49C1-9BE1-779BBBD8E8C8}.Release|x86.Build.0 = Release|Any CPU
		{916B24BC-5877-40E3-BA33-A4D76818AE82}.Debug|Any CPU.ActiveCfg = Debug|Any CPU
		{916B24BC-5877-40E3-BA33-A4D76818AE82}.Debug|Any CPU.Build.0 = Debug|Any CPU
		{916B24BC-5877-40E3-BA33-A4D76818AE82}.Debug|x64.ActiveCfg = Debug|Any CPU
		{916B24BC-5877-40E3-BA33-A4D76818AE82}.Debug|x64.Build.0 = Debug|Any CPU
		{916B24BC-5877-40E3-BA33-A4D76818AE82}.Debug|x86.ActiveCfg = Debug|Any CPU
		{916B24BC-5877-40E3-BA33-A4D76818AE82}.Debug|x86.Build.0 = Debug|Any CPU
		{916B24BC-5877-40E3-BA33-A4D76818AE82}.Release|Any CPU.ActiveCfg = Release|Any CPU
		{916B24BC-5877-40E3-BA33-A4D76818AE82}.Release|Any CPU.Build.0 = Release|Any CPU
		{916B24BC-5877-40E3-BA33-A4D76818AE82}.Release|x64.ActiveCfg = Release|Any CPU
		{916B24BC-5877-40E3-BA33-A4D76818AE82}.Release|x64.Build.0 = Release|Any CPU
		{916B24BC-5877-40E3-BA33-A4D76818AE82}.Release|x86.ActiveCfg = Release|Any CPU
		{916B24BC-5877-40E3-BA33-A4D76818AE82}.Release|x86.Build.0 = Release|Any CPU
	EndGlobalSection
	GlobalSection(NestedProjects) = preSolution
		{DEE35BAF-3F89-44BB-9669-704B43A3DA9D} = {2BE1F7C4-6A63-408A-9463-E00484D620B1}
		{E8864BDE-452A-4A51-B633-0E68839DE6C4} = {2BE1F7C4-6A63-408A-9463-E00484D620B1}
		{94D9326E-5C66-4DDE-B2C9-BF13462CB286} = {2BE1F7C4-6A63-408A-9463-E00484D620B1}
		{F49A9013-E813-42B3-9597-712B062DC5D4} = {2BE1F7C4-6A63-408A-9463-E00484D620B1}
		{8483DFBD-A799-4363-AD2C-77210B899740} = {2BE1F7C4-6A63-408A-9463-E00484D620B1}
		{78A21F95-8E08-4F9F-B216-2FA5BEDF7F3C} = {2BE1F7C4-6A63-408A-9463-E00484D620B1}
		{BEEDB628-1CCD-4769-8652-B8CCE955E000} = {2BE1F7C4-6A63-408A-9463-E00484D620B1}
		{60F347CD-37A2-4DF1-81A5-62049298CA62} = {F9568DC8-D095-418E-AEE9-C686BB486804}
		{13E9A1C9-AE96-4410-AE12-627AE42C18FA} = {F9568DC8-D095-418E-AEE9-C686BB486804}
		{28D54545-321D-49C1-9BE1-779BBBD8E8C8} = {F9568DC8-D095-418E-AEE9-C686BB486804}
		{916B24BC-5877-40E3-BA33-A4D76818AE82} = {2BE1F7C4-6A63-408A-9463-E00484D620B1}
	EndGlobalSection
EndGlobal
